
Microsoft Visual Studio Solution File, Format Version 12.00
# Visual Studio Version 17
VisualStudioVersion = 17.5.33530.505
MinimumVisualStudioVersion = 10.0.40219.1
Project("{FAE04EC0-301F-11D3-BF4B-00C04F79EFBC}") = "passportoffice", "passportoffice\passportoffice.csproj", "{B257DD07-22A6-48F4-BD95-7FBE50F5D084}"
EndProject
Global
	GlobalSection(SolutionConfigurationPlatforms) = preSolution
		Debug|Any CPU = Debug|Any CPU
		Release|Any CPU = Release|Any CPU
	EndGlobalSection
	GlobalSection(ProjectConfigurationPlatforms) = postSolution
		{B257DD07-22A6-48F4-BD95-7FBE50F5D084}.Debug|Any CPU.ActiveCfg = Debug|Any CPU
		{B257DD07-22A6-48F4-BD95-7FBE50F5D084}.Debug|Any CPU.Build.0 = Debug|Any CPU
		{B257DD07-22A6-48F4-BD95-7FBE50F5D084}.Release|Any CPU.ActiveCfg = Release|Any CPU
		{B257DD07-22A6-48F4-BD95-7FBE50F5D084}.Release|Any CPU.Build.0 = Release|Any CPU
	EndGlobalSection
	GlobalSection(SolutionProperties) = preSolution
		HideSolutionNode = FALSE
	EndGlobalSection
	GlobalSection(ExtensibilityGlobals) = postSolution
		SolutionGuid = {68E03C92-6B97-478B-AB5D-0111B4D5D1D8}
	EndGlobalSection
EndGlobal
